// !$*UTF8*$!
{
	archiveVersion = 1;
	classes = {
	};
	objectVersion = 56;
	objects = {

/* Begin PBXBuildFile section */
		5545D4D9299E728F008C7583 /* AppDelegate.swift in Sources */ = {isa = PBXBuildFile; fileRef = 5545D4D8299E728F008C7583 /* AppDelegate.swift */; };
		5545D4DB299E728F008C7583 /* SceneDelegate.swift in Sources */ = {isa = PBXBuildFile; fileRef = 5545D4DA299E728F008C7583 /* SceneDelegate.swift */; };
		5545D4E0299E728F008C7583 /* Main.storyboard in Resources */ = {isa = PBXBuildFile; fileRef = 5545D4DE299E728F008C7583 /* Main.storyboard */; };
		5545D4E2299E7292008C7583 /* Assets.xcassets in Resources */ = {isa = PBXBuildFile; fileRef = 5545D4E1299E7292008C7583 /* Assets.xcassets */; };
		5545D4E5299E7292008C7583 /* LaunchScreen.storyboard in Resources */ = {isa = PBXBuildFile; fileRef = 5545D4E3299E7292008C7583 /* LaunchScreen.storyboard */; };
		5545D4F3299E7356008C7583 /* CourseListPresenter.swift in Sources */ = {isa = PBXBuildFile; fileRef = 5545D4ED299E7356008C7583 /* CourseListPresenter.swift */; };
		5545D4F4299E7356008C7583 /* CourseListWorker.swift in Sources */ = {isa = PBXBuildFile; fileRef = 5545D4EE299E7356008C7583 /* CourseListWorker.swift */; };
		5545D4F5299E7356008C7583 /* CourseListRouter.swift in Sources */ = {isa = PBXBuildFile; fileRef = 5545D4EF299E7356008C7583 /* CourseListRouter.swift */; };
		5545D4F6299E7356008C7583 /* CourseListModels.swift in Sources */ = {isa = PBXBuildFile; fileRef = 5545D4F0299E7356008C7583 /* CourseListModels.swift */; };
		5545D4F7299E7356008C7583 /* CourseListViewController.swift in Sources */ = {isa = PBXBuildFile; fileRef = 5545D4F1299E7356008C7583 /* CourseListViewController.swift */; };
		5545D4F8299E7356008C7583 /* CourseListInteractor.swift in Sources */ = {isa = PBXBuildFile; fileRef = 5545D4F2299E7356008C7583 /* CourseListInteractor.swift */; };
		5545D501299E73AB008C7583 /* CourseDetailsPresenter.swift in Sources */ = {isa = PBXBuildFile; fileRef = 5545D4FB299E73AB008C7583 /* CourseDetailsPresenter.swift */; };
		5545D502299E73AB008C7583 /* CourseDetailsWorker.swift in Sources */ = {isa = PBXBuildFile; fileRef = 5545D4FC299E73AB008C7583 /* CourseDetailsWorker.swift */; };
		5545D503299E73AB008C7583 /* CourseDetailsRouter.swift in Sources */ = {isa = PBXBuildFile; fileRef = 5545D4FD299E73AB008C7583 /* CourseDetailsRouter.swift */; };
		5545D504299E73AB008C7583 /* CourseDetailsModels.swift in Sources */ = {isa = PBXBuildFile; fileRef = 5545D4FE299E73AB008C7583 /* CourseDetailsModels.swift */; };
		5545D505299E73AB008C7583 /* CourseDetailsViewController.swift in Sources */ = {isa = PBXBuildFile; fileRef = 5545D4FF299E73AB008C7583 /* CourseDetailsViewController.swift */; };
		5545D506299E73AB008C7583 /* CourseDetailsInteractor.swift in Sources */ = {isa = PBXBuildFile; fileRef = 5545D500299E73AB008C7583 /* CourseDetailsInteractor.swift */; };
		5545D50D299E778B008C7583 /* Course.swift in Sources */ = {isa = PBXBuildFile; fileRef = 5545D50C299E778B008C7583 /* Course.swift */; };
		5545D50F299E77C3008C7583 /* NetworkManager.swift in Sources */ = {isa = PBXBuildFile; fileRef = 5545D50E299E77C3008C7583 /* NetworkManager.swift */; };
		5545D511299E77D0008C7583 /* ImageManager.swift in Sources */ = {isa = PBXBuildFile; fileRef = 5545D510299E77D0008C7583 /* ImageManager.swift */; };
		5545D513299E77DF008C7583 /* DataManager.swift in Sources */ = {isa = PBXBuildFile; fileRef = 5545D512299E77DF008C7583 /* DataManager.swift */; };
		5545D515299E786F008C7583 /* CourseDetailsConfigurator.swift in Sources */ = {isa = PBXBuildFile; fileRef = 5545D514299E786F008C7583 /* CourseDetailsConfigurator.swift */; };
		5545D51729A37EBB008C7583 /* CourseListConfigurator.swift in Sources */ = {isa = PBXBuildFile; fileRef = 5545D51629A37EBB008C7583 /* CourseListConfigurator.swift */; };
		5545D51929A3841E008C7583 /* CourseCell.swift in Sources */ = {isa = PBXBuildFile; fileRef = 5545D51829A3841E008C7583 /* CourseCell.swift */; };
/* End PBXBuildFile section */

/* Begin PBXFileReference section */
		5545D4D5299E728F008C7583 /* CleanSwiftTestApp.app */ = {isa = PBXFileReference; explicitFileType = wrapper.application; includeInIndex = 0; path = CleanSwiftTestApp.app; sourceTree = BUILT_PRODUCTS_DIR; };
		5545D4D8299E728F008C7583 /* AppDelegate.swift */ = {isa = PBXFileReference; lastKnownFileType = sourcecode.swift; path = AppDelegate.swift; sourceTree = "<group>"; };
		5545D4DA299E728F008C7583 /* SceneDelegate.swift */ = {isa = PBXFileReference; lastKnownFileType = sourcecode.swift; path = SceneDelegate.swift; sourceTree = "<group>"; };
		5545D4DF299E728F008C7583 /* Base */ = {isa = PBXFileReference; lastKnownFileType = file.storyboard; name = Base; path = Base.lproj/Main.storyboard; sourceTree = "<group>"; };
		5545D4E1299E7292008C7583 /* Assets.xcassets */ = {isa = PBXFileReference; lastKnownFileType = folder.assetcatalog; path = Assets.xcassets; sourceTree = "<group>"; };
		5545D4E4299E7292008C7583 /* Base */ = {isa = PBXFileReference; lastKnownFileType = file.storyboard; name = Base; path = Base.lproj/LaunchScreen.storyboard; sourceTree = "<group>"; };
		5545D4E6299E7292008C7583 /* Info.plist */ = {isa = PBXFileReference; lastKnownFileType = text.plist.xml; path = Info.plist; sourceTree = "<group>"; };
		5545D4ED299E7356008C7583 /* CourseListPresenter.swift */ = {isa = PBXFileReference; lastKnownFileType = sourcecode.swift; path = CourseListPresenter.swift; sourceTree = "<group>"; };
		5545D4EE299E7356008C7583 /* CourseListWorker.swift */ = {isa = PBXFileReference; lastKnownFileType = sourcecode.swift; path = CourseListWorker.swift; sourceTree = "<group>"; };
		5545D4EF299E7356008C7583 /* CourseListRouter.swift */ = {isa = PBXFileReference; lastKnownFileType = sourcecode.swift; path = CourseListRouter.swift; sourceTree = "<group>"; };
		5545D4F0299E7356008C7583 /* CourseListModels.swift */ = {isa = PBXFileReference; lastKnownFileType = sourcecode.swift; path = CourseListModels.swift; sourceTree = "<group>"; };
		5545D4F1299E7356008C7583 /* CourseListViewController.swift */ = {isa = PBXFileReference; lastKnownFileType = sourcecode.swift; path = CourseListViewController.swift; sourceTree = "<group>"; };
		5545D4F2299E7356008C7583 /* CourseListInteractor.swift */ = {isa = PBXFileReference; lastKnownFileType = sourcecode.swift; path = CourseListInteractor.swift; sourceTree = "<group>"; };
		5545D4FB299E73AB008C7583 /* CourseDetailsPresenter.swift */ = {isa = PBXFileReference; lastKnownFileType = sourcecode.swift; path = CourseDetailsPresenter.swift; sourceTree = "<group>"; };
		5545D4FC299E73AB008C7583 /* CourseDetailsWorker.swift */ = {isa = PBXFileReference; lastKnownFileType = sourcecode.swift; path = CourseDetailsWorker.swift; sourceTree = "<group>"; };
		5545D4FD299E73AB008C7583 /* CourseDetailsRouter.swift */ = {isa = PBXFileReference; lastKnownFileType = sourcecode.swift; path = CourseDetailsRouter.swift; sourceTree = "<group>"; };
		5545D4FE299E73AB008C7583 /* CourseDetailsModels.swift */ = {isa = PBXFileReference; lastKnownFileType = sourcecode.swift; path = CourseDetailsModels.swift; sourceTree = "<group>"; };
		5545D4FF299E73AB008C7583 /* CourseDetailsViewController.swift */ = {isa = PBXFileReference; lastKnownFileType = sourcecode.swift; path = CourseDetailsViewController.swift; sourceTree = "<group>"; };
		5545D500299E73AB008C7583 /* CourseDetailsInteractor.swift */ = {isa = PBXFileReference; lastKnownFileType = sourcecode.swift; path = CourseDetailsInteractor.swift; sourceTree = "<group>"; };
		5545D50C299E778B008C7583 /* Course.swift */ = {isa = PBXFileReference; lastKnownFileType = sourcecode.swift; path = Course.swift; sourceTree = "<group>"; };
		5545D50E299E77C3008C7583 /* NetworkManager.swift */ = {isa = PBXFileReference; lastKnownFileType = sourcecode.swift; path = NetworkManager.swift; sourceTree = "<group>"; };
		5545D510299E77D0008C7583 /* ImageManager.swift */ = {isa = PBXFileReference; lastKnownFileType = sourcecode.swift; path = ImageManager.swift; sourceTree = "<group>"; };
		5545D512299E77DF008C7583 /* DataManager.swift */ = {isa = PBXFileReference; lastKnownFileType = sourcecode.swift; path = DataManager.swift; sourceTree = "<group>"; };
		5545D514299E786F008C7583 /* CourseDetailsConfigurator.swift */ = {isa = PBXFileReference; lastKnownFileType = sourcecode.swift; path = CourseDetailsConfigurator.swift; sourceTree = "<group>"; };
		5545D51629A37EBB008C7583 /* CourseListConfigurator.swift */ = {isa = PBXFileReference; lastKnownFileType = sourcecode.swift; path = CourseListConfigurator.swift; sourceTree = "<group>"; };
		5545D51829A3841E008C7583 /* CourseCell.swift */ = {isa = PBXFileReference; lastKnownFileType = sourcecode.swift; path = CourseCell.swift; sourceTree = "<group>"; };
/* End PBXFileReference section */

/* Begin PBXFrameworksBuildPhase section */
		5545D4D2299E728F008C7583 /* Frameworks */ = {
			isa = PBXFrameworksBuildPhase;
			buildActionMask = 2147483647;
			files = (
			);
			runOnlyForDeploymentPostprocessing = 0;
		};
/* End PBXFrameworksBuildPhase section */

/* Begin PBXGroup section */
		5545D4CC299E728F008C7583 = {
			isa = PBXGroup;
			children = (
				5545D4D7299E728F008C7583 /* CleanSwiftTestApp */,
				5545D4D6299E728F008C7583 /* Products */,
			);
			sourceTree = "<group>";
		};
		5545D4D6299E728F008C7583 /* Products */ = {
			isa = PBXGroup;
			children = (
				5545D4D5299E728F008C7583 /* CleanSwiftTestApp.app */,
			);
			name = Products;
			sourceTree = "<group>";
		};
		5545D4D7299E728F008C7583 /* CleanSwiftTestApp */ = {
			isa = PBXGroup;
			children = (
				5545D4EC299E731D008C7583 /* CourseList */,
				5545D4FA299E7384008C7583 /* CourseDetails */,
				5545D507299E73C4008C7583 /* Models */,
				5545D50A299E773E008C7583 /* Services */,
				5545D508299E7716008C7583 /* Storyboard */,
				5545D50B299E7750008C7583 /* Supporting Files */,
				5545D509299E7724008C7583 /* Resourses */,
			);
			path = CleanSwiftTestApp;
			sourceTree = "<group>";
		};
		5545D4EC299E731D008C7583 /* CourseList */ = {
			isa = PBXGroup;
			children = (
				5545D4F9299E7362008C7583 /* CourseCell */,
				5545D4F1299E7356008C7583 /* CourseListViewController.swift */,
				5545D4F2299E7356008C7583 /* CourseListInteractor.swift */,
				5545D4ED299E7356008C7583 /* CourseListPresenter.swift */,
				5545D4EE299E7356008C7583 /* CourseListWorker.swift */,
				5545D4EF299E7356008C7583 /* CourseListRouter.swift */,
				5545D4F0299E7356008C7583 /* CourseListModels.swift */,
				5545D51629A37EBB008C7583 /* CourseListConfigurator.swift */,
			);
			path = CourseList;
			sourceTree = "<group>";
		};
		5545D4F9299E7362008C7583 /* CourseCell */ = {
			isa = PBXGroup;
			children = (
				5545D51829A3841E008C7583 /* CourseCell.swift */,
			);
			path = CourseCell;
			sourceTree = "<group>";
		};
		5545D4FA299E7384008C7583 /* CourseDetails */ = {
			isa = PBXGroup;
			children = (
				5545D4FF299E73AB008C7583 /* CourseDetailsViewController.swift */,
				5545D500299E73AB008C7583 /* CourseDetailsInteractor.swift */,
				5545D4FB299E73AB008C7583 /* CourseDetailsPresenter.swift */,
				5545D4FC299E73AB008C7583 /* CourseDetailsWorker.swift */,
				5545D4FD299E73AB008C7583 /* CourseDetailsRouter.swift */,
				5545D4FE299E73AB008C7583 /* CourseDetailsModels.swift */,
				5545D514299E786F008C7583 /* CourseDetailsConfigurator.swift */,
			);
			path = CourseDetails;
			sourceTree = "<group>";
		};
		5545D507299E73C4008C7583 /* Models */ = {
			isa = PBXGroup;
			children = (
				5545D50C299E778B008C7583 /* Course.swift */,
			);
			path = Models;
			sourceTree = "<group>";
		};
		5545D508299E7716008C7583 /* Storyboard */ = {
			isa = PBXGroup;
			children = (
				5545D4DE299E728F008C7583 /* Main.storyboard */,
				5545D4E3299E7292008C7583 /* LaunchScreen.storyboard */,
			);
			path = Storyboard;
			sourceTree = "<group>";
		};
		5545D509299E7724008C7583 /* Resourses */ = {
			isa = PBXGroup;
			children = (
				5545D4E1299E7292008C7583 /* Assets.xcassets */,
			);
			path = Resourses;
			sourceTree = "<group>";
		};
		5545D50A299E773E008C7583 /* Services */ = {
			isa = PBXGroup;
			children = (
				5545D50E299E77C3008C7583 /* NetworkManager.swift */,
				5545D510299E77D0008C7583 /* ImageManager.swift */,
				5545D512299E77DF008C7583 /* DataManager.swift */,
			);
			path = Services;
			sourceTree = "<group>";
		};
		5545D50B299E7750008C7583 /* Supporting Files */ = {
			isa = PBXGroup;
			children = (
				5545D4D8299E728F008C7583 /* AppDelegate.swift */,
				5545D4DA299E728F008C7583 /* SceneDelegate.swift */,
				5545D4E6299E7292008C7583 /* Info.plist */,
			);
			path = "Supporting Files";
			sourceTree = "<group>";
		};
/* End PBXGroup section */

/* Begin PBXNativeTarget section */
		5545D4D4299E728F008C7583 /* CleanSwiftTestApp */ = {
			isa = PBXNativeTarget;
			buildConfigurationList = 5545D4E9299E7292008C7583 /* Build configuration list for PBXNativeTarget "CleanSwiftTestApp" */;
			buildPhases = (
				5545D4D1299E728F008C7583 /* Sources */,
				5545D4D2299E728F008C7583 /* Frameworks */,
				5545D4D3299E728F008C7583 /* Resources */,
			);
			buildRules = (
			);
			dependencies = (
			);
			name = CleanSwiftTestApp;
			productName = CleanSwiftTestApp;
			productReference = 5545D4D5299E728F008C7583 /* CleanSwiftTestApp.app */;
			productType = "com.apple.product-type.application";
		};
/* End PBXNativeTarget section */

/* Begin PBXProject section */
		5545D4CD299E728F008C7583 /* Project object */ = {
			isa = PBXProject;
			attributes = {
				BuildIndependentTargetsInParallel = 1;
				LastSwiftUpdateCheck = 1420;
				LastUpgradeCheck = 1420;
				TargetAttributes = {
					5545D4D4299E728F008C7583 = {
						CreatedOnToolsVersion = 14.2;
					};
				};
			};
			buildConfigurationList = 5545D4D0299E728F008C7583 /* Build configuration list for PBXProject "CleanSwiftTestApp" */;
			compatibilityVersion = "Xcode 14.0";
			developmentRegion = en;
			hasScannedForEncodings = 0;
			knownRegions = (
				en,
				Base,
			);
			mainGroup = 5545D4CC299E728F008C7583;
			productRefGroup = 5545D4D6299E728F008C7583 /* Products */;
			projectDirPath = "";
			projectRoot = "";
			targets = (
				5545D4D4299E728F008C7583 /* CleanSwiftTestApp */,
			);
		};
/* End PBXProject section */

/* Begin PBXResourcesBuildPhase section */
		5545D4D3299E728F008C7583 /* Resources */ = {
			isa = PBXResourcesBuildPhase;
			buildActionMask = 2147483647;
			files = (
				5545D4E5299E7292008C7583 /* LaunchScreen.storyboard in Resources */,
				5545D4E2299E7292008C7583 /* Assets.xcassets in Resources */,
				5545D4E0299E728F008C7583 /* Main.storyboard in Resources */,
			);
			runOnlyForDeploymentPostprocessing = 0;
		};
/* End PBXResourcesBuildPhase section */

/* Begin PBXSourcesBuildPhase section */
		5545D4D1299E728F008C7583 /* Sources */ = {
			isa = PBXSourcesBuildPhase;
			buildActionMask = 2147483647;
			files = (
				5545D502299E73AB008C7583 /* CourseDetailsWorker.swift in Sources */,
				5545D511299E77D0008C7583 /* ImageManager.swift in Sources */,
				5545D4F8299E7356008C7583 /* CourseListInteractor.swift in Sources */,
				5545D51929A3841E008C7583 /* CourseCell.swift in Sources */,
				5545D4F3299E7356008C7583 /* CourseListPresenter.swift in Sources */,
				5545D505299E73AB008C7583 /* CourseDetailsViewController.swift in Sources */,
				5545D50F299E77C3008C7583 /* NetworkManager.swift in Sources */,
				5545D503299E73AB008C7583 /* CourseDetailsRouter.swift in Sources */,
				5545D513299E77DF008C7583 /* DataManager.swift in Sources */,
				5545D4F6299E7356008C7583 /* CourseListModels.swift in Sources */,
				5545D506299E73AB008C7583 /* CourseDetailsInteractor.swift in Sources */,
				5545D4D9299E728F008C7583 /* AppDelegate.swift in Sources */,
				5545D4F5299E7356008C7583 /* CourseListRouter.swift in Sources */,
				5545D515299E786F008C7583 /* CourseDetailsConfigurator.swift in Sources */,
				5545D4F7299E7356008C7583 /* CourseListViewController.swift in Sources */,
				5545D4DB299E728F008C7583 /* SceneDelegate.swift in Sources */,
				5545D501299E73AB008C7583 /* CourseDetailsPresenter.swift in Sources */,
				5545D50D299E778B008C7583 /* Course.swift in Sources */,
				5545D4F4299E7356008C7583 /* CourseListWorker.swift in Sources */,
				5545D504299E73AB008C7583 /* CourseDetailsModels.swift in Sources */,
				5545D51729A37EBB008C7583 /* CourseListConfigurator.swift in Sources */,
			);
			runOnlyForDeploymentPostprocessing = 0;
		};
/* End PBXSourcesBuildPhase section */

/* Begin PBXVariantGroup section */
		5545D4DE299E728F008C7583 /* Main.storyboard */ = {
			isa = PBXVariantGroup;
			children = (
				5545D4DF299E728F008C7583 /* Base */,
			);
			name = Main.storyboard;
			sourceTree = "<group>";
		};
		5545D4E3299E7292008C7583 /* LaunchScreen.storyboard */ = {
			isa = PBXVariantGroup;
			children = (
				5545D4E4299E7292008C7583 /* Base */,
			);
			name = LaunchScreen.storyboard;
			sourceTree = "<group>";
		};
/* End PBXVariantGroup section */

/* Begin XCBuildConfiguration section */
		5545D4E7299E7292008C7583 /* Debug */ = {
			isa = XCBuildConfiguration;
			buildSettings = {
				ALWAYS_SEARCH_USER_PATHS = NO;
				CLANG_ANALYZER_NONNULL = YES;
				CLANG_ANALYZER_NUMBER_OBJECT_CONVERSION = YES_AGGRESSIVE;
				CLANG_CXX_LANGUAGE_STANDARD = "gnu++20";
				CLANG_ENABLE_MODULES = YES;
				CLANG_ENABLE_OBJC_ARC = YES;
				CLANG_ENABLE_OBJC_WEAK = YES;
				CLANG_WARN_BLOCK_CAPTURE_AUTORELEASING = YES;
				CLANG_WARN_BOOL_CONVERSION = YES;
				CLANG_WARN_COMMA = YES;
				CLANG_WARN_CONSTANT_CONVERSION = YES;
				CLANG_WARN_DEPRECATED_OBJC_IMPLEMENTATIONS = YES;
				CLANG_WARN_DIRECT_OBJC_ISA_USAGE = YES_ERROR;
				CLANG_WARN_DOCUMENTATION_COMMENTS = YES;
				CLANG_WARN_EMPTY_BODY = YES;
				CLANG_WARN_ENUM_CONVERSION = YES;
				CLANG_WARN_INFINITE_RECURSION = YES;
				CLANG_WARN_INT_CONVERSION = YES;
				CLANG_WARN_NON_LITERAL_NULL_CONVERSION = YES;
				CLANG_WARN_OBJC_IMPLICIT_RETAIN_SELF = YES;
				CLANG_WARN_OBJC_LITERAL_CONVERSION = YES;
				CLANG_WARN_OBJC_ROOT_CLASS = YES_ERROR;
				CLANG_WARN_QUOTED_INCLUDE_IN_FRAMEWORK_HEADER = YES;
				CLANG_WARN_RANGE_LOOP_ANALYSIS = YES;
				CLANG_WARN_STRICT_PROTOTYPES = YES;
				CLANG_WARN_SUSPICIOUS_MOVE = YES;
				CLANG_WARN_UNGUARDED_AVAILABILITY = YES_AGGRESSIVE;
				CLANG_WARN_UNREACHABLE_CODE = YES;
				CLANG_WARN__DUPLICATE_METHOD_MATCH = YES;
				COPY_PHASE_STRIP = NO;
				DEBUG_INFORMATION_FORMAT = dwarf;
				ENABLE_STRICT_OBJC_MSGSEND = YES;
				ENABLE_TESTABILITY = YES;
				GCC_C_LANGUAGE_STANDARD = gnu11;
				GCC_DYNAMIC_NO_PIC = NO;
				GCC_NO_COMMON_BLOCKS = YES;
				GCC_OPTIMIZATION_LEVEL = 0;
				GCC_PREPROCESSOR_DEFINITIONS = (
					"DEBUG=1",
					"$(inherited)",
				);
				GCC_WARN_64_TO_32_BIT_CONVERSION = YES;
				GCC_WARN_ABOUT_RETURN_TYPE = YES_ERROR;
				GCC_WARN_UNDECLARED_SELECTOR = YES;
				GCC_WARN_UNINITIALIZED_AUTOS = YES_AGGRESSIVE;
				GCC_WARN_UNUSED_FUNCTION = YES;
				GCC_WARN_UNUSED_VARIABLE = YES;
				IPHONEOS_DEPLOYMENT_TARGET = 16.2;
				MTL_ENABLE_DEBUG_INFO = INCLUDE_SOURCE;
				MTL_FAST_MATH = YES;
				ONLY_ACTIVE_ARCH = YES;
				SDKROOT = iphoneos;
				SWIFT_ACTIVE_COMPILATION_CONDITIONS = DEBUG;
				SWIFT_OPTIMIZATION_LEVEL = "-Onone";
			};
			name = Debug;
		};
		5545D4E8299E7292008C7583 /* Release */ = {
			isa = XCBuildConfiguration;
			buildSettings = {
				ALWAYS_SEARCH_USER_PATHS = NO;
				CLANG_ANALYZER_NONNULL = YES;
				CLANG_ANALYZER_NUMBER_OBJECT_CONVERSION = YES_AGGRESSIVE;
				CLANG_CXX_LANGUAGE_STANDARD = "gnu++20";
				CLANG_ENABLE_MODULES = YES;
				CLANG_ENABLE_OBJC_ARC = YES;
				CLANG_ENABLE_OBJC_WEAK = YES;
				CLANG_WARN_BLOCK_CAPTURE_AUTORELEASING = YES;
				CLANG_WARN_BOOL_CONVERSION = YES;
				CLANG_WARN_COMMA = YES;
				CLANG_WARN_CONSTANT_CONVERSION = YES;
				CLANG_WARN_DEPRECATED_OBJC_IMPLEMENTATIONS = YES;
				CLANG_WARN_DIRECT_OBJC_ISA_USAGE = YES_ERROR;
				CLANG_WARN_DOCUMENTATION_COMMENTS = YES;
				CLANG_WARN_EMPTY_BODY = YES;
				CLANG_WARN_ENUM_CONVERSION = YES;
				CLANG_WARN_INFINITE_RECURSION = YES;
				CLANG_WARN_INT_CONVERSION = YES;
				CLANG_WARN_NON_LITERAL_NULL_CONVERSION = YES;
				CLANG_WARN_OBJC_IMPLICIT_RETAIN_SELF = YES;
				CLANG_WARN_OBJC_LITERAL_CONVERSION = YES;
				CLANG_WARN_OBJC_ROOT_CLASS = YES_ERROR;
				CLANG_WARN_QUOTED_INCLUDE_IN_FRAMEWORK_HEADER = YES;
				CLANG_WARN_RANGE_LOOP_ANALYSIS = YES;
				CLANG_WARN_STRICT_PROTOTYPES = YES;
				CLANG_WARN_SUSPICIOUS_MOVE = YES;
				CLANG_WARN_UNGUARDED_AVAILABILITY = YES_AGGRESSIVE;
				CLANG_WARN_UNREACHABLE_CODE = YES;
				CLANG_WARN__DUPLICATE_METHOD_MATCH = YES;
				COPY_PHASE_STRIP = NO;
				DEBUG_INFORMATION_FORMAT = "dwarf-with-dsym";
				ENABLE_NS_ASSERTIONS = NO;
				ENABLE_STRICT_OBJC_MSGSEND = YES;
				GCC_C_LANGUAGE_STANDARD = gnu11;
				GCC_NO_COMMON_BLOCKS = YES;
				GCC_WARN_64_TO_32_BIT_CONVERSION = YES;
				GCC_WARN_ABOUT_RETURN_TYPE = YES_ERROR;
				GCC_WARN_UNDECLARED_SELECTOR = YES;
				GCC_WARN_UNINITIALIZED_AUTOS = YES_AGGRESSIVE;
				GCC_WARN_UNUSED_FUNCTION = YES;
				GCC_WARN_UNUSED_VARIABLE = YES;
				IPHONEOS_DEPLOYMENT_TARGET = 16.2;
				MTL_ENABLE_DEBUG_INFO = NO;
				MTL_FAST_MATH = YES;
				SDKROOT = iphoneos;
				SWIFT_COMPILATION_MODE = wholemodule;
				SWIFT_OPTIMIZATION_LEVEL = "-O";
				VALIDATE_PRODUCT = YES;
			};
			name = Release;
		};
		5545D4EA299E7292008C7583 /* Debug */ = {
			isa = XCBuildConfiguration;
			buildSettings = {
				ASSETCATALOG_COMPILER_APPICON_NAME = AppIcon;
				ASSETCATALOG_COMPILER_GLOBAL_ACCENT_COLOR_NAME = AccentColor;
				CODE_SIGN_STYLE = Automatic;
				CURRENT_PROJECT_VERSION = 1;
				DEVELOPMENT_TEAM = 4KRJ9XKH55;
				GENERATE_INFOPLIST_FILE = YES;
				INFOPLIST_FILE = "CleanSwiftTestApp/Supporting Files/Info.plist";
				INFOPLIST_KEY_UIApplicationSupportsIndirectInputEvents = YES;
				INFOPLIST_KEY_UILaunchStoryboardName = LaunchScreen;
				INFOPLIST_KEY_UIMainStoryboardFile = Main;
				INFOPLIST_KEY_UISupportedInterfaceOrientations = UIInterfaceOrientationPortrait;
				INFOPLIST_KEY_UISupportedInterfaceOrientations_iPad = "UIInterfaceOrientationLandscapeLeft UIInterfaceOrientationLandscapeRight UIInterfaceOrientationPortrait UIInterfaceOrientationPortraitUpsideDown";
				LD_RUNPATH_SEARCH_PATHS = (
					"$(inherited)",
					"@executable_path/Frameworks",
				);
				MARKETING_VERSION = 1.0;
				PRODUCT_BUNDLE_IDENTIFIER = ru.AndreyAbakumov.CleanSwiftTestApp;
				PRODUCT_NAME = "$(TARGET_NAME)";
				SUPPORTED_PLATFORMS = "iphoneos iphonesimulator";
				SUPPORTS_MACCATALYST = NO;
				SUPPORTS_MAC_DESIGNED_FOR_IPHONE_IPAD = NO;
				SWIFT_EMIT_LOC_STRINGS = YES;
				SWIFT_VERSION = 5.0;
				TARGETED_DEVICE_FAMILY = 1;
			};
			name = Debug;
		};
		5545D4EB299E7292008C7583 /* Release */ = {
			isa = XCBuildConfiguration;
			buildSettings = {
				ASSETCATALOG_COMPILER_APPICON_NAME = AppIcon;
				ASSETCATALOG_COMPILER_GLOBAL_ACCENT_COLOR_NAME = AccentColor;
				CODE_SIGN_STYLE = Automatic;
				CURRENT_PROJECT_VERSION = 1;
				DEVELOPMENT_TEAM = 4KRJ9XKH55;
				GENERATE_INFOPLIST_FILE = YES;
				INFOPLIST_FILE = "CleanSwiftTestApp/Supporting Files/Info.plist";
				INFOPLIST_KEY_UIApplicationSupportsIndirectInputEvents = YES;
				INFOPLIST_KEY_UILaunchStoryboardName = LaunchScreen;
				INFOPLIST_KEY_UIMainStoryboardFile = Main;
				INFOPLIST_KEY_UISupportedInterfaceOrientations = UIInterfaceOrientationPortrait;
				INFOPLIST_KEY_UISupportedInterfaceOrientations_iPad = "UIInterfaceOrientationLandscapeLeft UIInterfaceOrientationLandscapeRight UIInterfaceOrientationPortrait UIInterfaceOrientationPortraitUpsideDown";
				LD_RUNPATH_SEARCH_PATHS = (
					"$(inherited)",
					"@executable_path/Frameworks",
				);
				MARKETING_VERSION = 1.0;
				PRODUCT_BUNDLE_IDENTIFIER = ru.AndreyAbakumov.CleanSwiftTestApp;
				PRODUCT_NAME = "$(TARGET_NAME)";
				SUPPORTED_PLATFORMS = "iphoneos iphonesimulator";
				SUPPORTS_MACCATALYST = NO;
				SUPPORTS_MAC_DESIGNED_FOR_IPHONE_IPAD = NO;
				SWIFT_EMIT_LOC_STRINGS = YES;
				SWIFT_VERSION = 5.0;
				TARGETED_DEVICE_FAMILY = 1;
			};
			name = Release;
		};
/* End XCBuildConfiguration section */

/* Begin XCConfigurationList section */
		5545D4D0299E728F008C7583 /* Build configuration list for PBXProject "CleanSwiftTestApp" */ = {
			isa = XCConfigurationList;
			buildConfigurations = (
				5545D4E7299E7292008C7583 /* Debug */,
				5545D4E8299E7292008C7583 /* Release */,
			);
			defaultConfigurationIsVisible = 0;
			defaultConfigurationName = Release;
		};
		5545D4E9299E7292008C7583 /* Build configuration list for PBXNativeTarget "CleanSwiftTestApp" */ = {
			isa = XCConfigurationList;
			buildConfigurations = (
				5545D4EA299E7292008C7583 /* Debug */,
				5545D4EB299E7292008C7583 /* Release */,
			);
			defaultConfigurationIsVisible = 0;
			defaultConfigurationName = Release;
		};
/* End XCConfigurationList section */
	};
	rootObject = 5545D4CD299E728F008C7583 /* Project object */;
}
